
Microsoft Visual Studio Solution File, Format Version 12.00
# Visual Studio Version 18
VisualStudioVersion = 18.0.11205.157
MinimumVisualStudioVersion = 10.0.40219.1
Project("{FAE04EC0-301F-11D3-BF4B-00C04F79EFBC}") = "BinInteractive", "BinInteractive\BinInteractive.csproj", "{13C3EA36-941F-43F7-A37D-03EDD4EDEAA4}"
EndProject
Project("{FAE04EC0-301F-11D3-BF4B-00C04F79EFBC}") = "BinPlayground", "BinPlayground\BinPlayground.csproj", "{D7829CB4-1BF5-4929-9E82-FCF8B35A0082}"
EndProject
Project("{FAE04EC0-301F-11D3-BF4B-00C04F79EFBC}") = "BinView", "BinView\BinView.csproj", "{DCAAA006-0079-4D88-A4E1-0778E3D6C7E6}"
EndProject
Project("{FAE04EC0-301F-11D3-BF4B-00C04F79EFBC}") = "BinPlayground.Tests", "BinPlayground.Tests\BinPlayground.Tests.csproj", "{666917C9-0B19-4BFC-9729-40DF5628FF6F}"
EndProject
Project("{FAE04EC0-301F-11D3-BF4B-00C04F79EFBC}") = "BinView.Tests", "BinView.Tests\BinView.Tests.csproj", "{63AE416B-F753-1A54-08C4-0A2414262EFE}"
EndProject
Global
	GlobalSection(SolutionConfigurationPlatforms) = preSolution
		Debug|Any CPU = Debug|Any CPU
		Release|Any CPU = Release|Any CPU
	EndGlobalSection
	GlobalSection(ProjectConfigurationPlatforms) = postSolution
		{13C3EA36-941F-43F7-A37D-03EDD4EDEAA4}.Debug|Any CPU.ActiveCfg = Debug|Any CPU
		{13C3EA36-941F-43F7-A37D-03EDD4EDEAA4}.Debug|Any CPU.Build.0 = Debug|Any CPU
		{13C3EA36-941F-43F7-A37D-03EDD4EDEAA4}.Release|Any CPU.ActiveCfg = Release|Any CPU
		{13C3EA36-941F-43F7-A37D-03EDD4EDEAA4}.Release|Any CPU.Build.0 = Release|Any CPU
		{D7829CB4-1BF5-4929-9E82-FCF8B35A0082}.Debug|Any CPU.ActiveCfg = Debug|Any CPU
		{D7829CB4-1BF5-4929-9E82-FCF8B35A0082}.Debug|Any CPU.Build.0 = Debug|Any CPU
		{D7829CB4-1BF5-4929-9E82-FCF8B35A0082}.Release|Any CPU.ActiveCfg = Release|Any CPU
		{D7829CB4-1BF5-4929-9E82-FCF8B35A0082}.Release|Any CPU.Build.0 = Release|Any CPU
		{DCAAA006-0079-4D88-A4E1-0778E3D6C7E6}.Debug|Any CPU.ActiveCfg = Debug|Any CPU
		{DCAAA006-0079-4D88-A4E1-0778E3D6C7E6}.Debug|Any CPU.Build.0 = Debug|Any CPU
		{DCAAA006-0079-4D88-A4E1-0778E3D6C7E6}.Release|Any CPU.ActiveCfg = Release|Any CPU
		{DCAAA006-0079-4D88-A4E1-0778E3D6C7E6}.Release|Any CPU.Build.0 = Release|Any CPU
		{666917C9-0B19-4BFC-9729-40DF5628FF6F}.Debug|Any CPU.ActiveCfg = Debug|Any CPU
		{666917C9-0B19-4BFC-9729-40DF5628FF6F}.Debug|Any CPU.Build.0 = Debug|Any CPU
		{666917C9-0B19-4BFC-9729-40DF5628FF6F}.Release|Any CPU.ActiveCfg = Release|Any CPU
		{666917C9-0B19-4BFC-9729-40DF5628FF6F}.Release|Any CPU.Build.0 = Release|Any CPU
		{63AE416B-F753-1A54-08C4-0A2414262EFE}.Debug|Any CPU.ActiveCfg = Debug|Any CPU
		{63AE416B-F753-1A54-08C4-0A2414262EFE}.Debug|Any CPU.Build.0 = Debug|Any CPU
		{63AE416B-F753-1A54-08C4-0A2414262EFE}.Release|Any CPU.ActiveCfg = Release|Any CPU
		{63AE416B-F753-1A54-08C4-0A2414262EFE}.Release|Any CPU.Build.0 = Release|Any CPU
	EndGlobalSection
	GlobalSection(SolutionProperties) = preSolution
		HideSolutionNode = FALSE
	EndGlobalSection
	GlobalSection(ExtensibilityGlobals) = postSolution
		SolutionGuid = {014B252D-1B5E-47D8-A6C4-E4951C317F94}
	EndGlobalSection
EndGlobal
